
Microsoft Visual Studio Solution File, Format Version 12.00
# Visual Studio Version 17
VisualStudioVersion = 17.1.32407.343
MinimumVisualStudioVersion = 10.0.40219.1
Project("{FAE04EC0-301F-11D3-BF4B-00C04F79EFBC}") = "arduino robot controller", "arduino robot controller\arduino robot controller.csproj", "{EA7D136E-257A-42DF-BF00-2DD1FFB7B030}"
EndProject
Global
	GlobalSection(SolutionConfigurationPlatforms) = preSolution
		Debug|Any CPU = Debug|Any CPU
		Release|Any CPU = Release|Any CPU
	EndGlobalSection
	GlobalSection(ProjectConfigurationPlatforms) = postSolution
		{EA7D136E-257A-42DF-BF00-2DD1FFB7B030}.Debug|Any CPU.ActiveCfg = Debug|Any CPU
		{EA7D136E-257A-42DF-BF00-2DD1FFB7B030}.Debug|Any CPU.Build.0 = Debug|Any CPU
		{EA7D136E-257A-42DF-BF00-2DD1FFB7B030}.Release|Any CPU.ActiveCfg = Release|Any CPU
		{EA7D136E-257A-42DF-BF00-2DD1FFB7B030}.Release|Any CPU.Build.0 = Release|Any CPU
	EndGlobalSection
	GlobalSection(SolutionProperties) = preSolution
		HideSolutionNode = FALSE
	EndGlobalSection
	GlobalSection(ExtensibilityGlobals) = postSolution
		SolutionGuid = {717601D0-AFFE-4D51-8266-EE863C6CD567}
	EndGlobalSection
EndGlobal
